
Microsoft Visual Studio Solution File, Format Version 12.00
# Visual Studio Version 17
VisualStudioVersion = 17.9.34310.174
MinimumVisualStudioVersion = 10.0.40219.1
Project("{FAE04EC0-301F-11D3-BF4B-00C04F79EFBC}") = "OpenSilverBusinessApplication", "OpenSilverBusinessApplication\OpenSilverBusinessApplication.csproj", "{FB8ADC0C-B305-4758-8DEE-A8A97BF8D412}"
EndProject
Project("{FAE04EC0-301F-11D3-BF4B-00C04F79EFBC}") = "OpenSilverBusinessApplication.Browser", "OpenSilverBusinessApplication.Browser\OpenSilverBusinessApplication.Browser.csproj", "{FCD02F78-70CD-479F-A840-166566CA60F1}"
EndProject
Project("{FAE04EC0-301F-11D3-BF4B-00C04F79EFBC}") = "OpenSilverBusinessApplication.Simulator", "OpenSilverBusinessApplication.Simulator\OpenSilverBusinessApplication.Simulator.csproj", "{E7D891F2-3090-4C24-AED3-A5D46570257B}"
EndProject
Project("{FAE04EC0-301F-11D3-BF4B-00C04F79EFBC}") = "OpenSilverBusinessApplication.Web", "OpenSilverBusinessApplication.Web\OpenSilverBusinessApplication.Web.csproj", "{A8AA986C-4AEF-489F-86EC-19029369765E}"
EndProject
Global
	GlobalSection(SolutionConfigurationPlatforms) = preSolution
		Debug|Any CPU = Debug|Any CPU
		Release|Any CPU = Release|Any CPU
	EndGlobalSection
	GlobalSection(ProjectConfigurationPlatforms) = postSolution
		{FB8ADC0C-B305-4758-8DEE-A8A97BF8D412}.Debug|Any CPU.ActiveCfg = Debug|Any CPU
		{FB8ADC0C-B305-4758-8DEE-A8A97BF8D412}.Debug|Any CPU.Build.0 = Debug|Any CPU
		{FB8ADC0C-B305-4758-8DEE-A8A97BF8D412}.Release|Any CPU.ActiveCfg = Release|Any CPU
		{FB8ADC0C-B305-4758-8DEE-A8A97BF8D412}.Release|Any CPU.Build.0 = Release|Any CPU
		{FCD02F78-70CD-479F-A840-166566CA60F1}.Debug|Any CPU.ActiveCfg = Debug|Any CPU
		{FCD02F78-70CD-479F-A840-166566CA60F1}.Debug|Any CPU.Build.0 = Debug|Any CPU
		{FCD02F78-70CD-479F-A840-166566CA60F1}.Release|Any CPU.ActiveCfg = Release|Any CPU
		{FCD02F78-70CD-479F-A840-166566CA60F1}.Release|Any CPU.Build.0 = Release|Any CPU
		{E7D891F2-3090-4C24-AED3-A5D46570257B}.Debug|Any CPU.ActiveCfg = Debug|Any CPU
		{E7D891F2-3090-4C24-AED3-A5D46570257B}.Debug|Any CPU.Build.0 = Debug|Any CPU
		{E7D891F2-3090-4C24-AED3-A5D46570257B}.Release|Any CPU.ActiveCfg = Release|Any CPU
		{E7D891F2-3090-4C24-AED3-A5D46570257B}.Release|Any CPU.Build.0 = Release|Any CPU
		{A8AA986C-4AEF-489F-86EC-19029369765E}.Debug|Any CPU.ActiveCfg = Debug|Any CPU
		{A8AA986C-4AEF-489F-86EC-19029369765E}.Debug|Any CPU.Build.0 = Debug|Any CPU
		{A8AA986C-4AEF-489F-86EC-19029369765E}.Release|Any CPU.ActiveCfg = Release|Any CPU
		{A8AA986C-4AEF-489F-86EC-19029369765E}.Release|Any CPU.Build.0 = Release|Any CPU
	EndGlobalSection
	GlobalSection(SolutionProperties) = preSolution
		HideSolutionNode = FALSE
	EndGlobalSection
	GlobalSection(ExtensibilityGlobals) = postSolution
		SolutionGuid = {1D2AA58F-9682-4FEE-BDFA-EE7147B3FD8D}
	EndGlobalSection
EndGlobal
