
Microsoft Visual Studio Solution File, Format Version 12.00
# Visual Studio Version 17
VisualStudioVersion = 17.9.34310.174
MinimumVisualStudioVersion = 10.0.40219.1
Project("{F184B08F-C81C-45F6-A57F-5ABD9991F28F}") = "OpenSilverClassLibraryVB", "OpenSilverClassLibraryVB.vbproj", "{B2225E79-0645-47B5-8874-30836EF80089}"
EndProject
Global
	GlobalSection(SolutionConfigurationPlatforms) = preSolution
		Debug|Any CPU = Debug|Any CPU
		Release|Any CPU = Release|Any CPU
	EndGlobalSection
	GlobalSection(ProjectConfigurationPlatforms) = postSolution
		{B2225E79-0645-47B5-8874-30836EF80089}.Debug|Any CPU.ActiveCfg = Debug|Any CPU
		{B2225E79-0645-47B5-8874-30836EF80089}.Debug|Any CPU.Build.0 = Debug|Any CPU
		{B2225E79-0645-47B5-8874-30836EF80089}.Release|Any CPU.ActiveCfg = Release|Any CPU
		{B2225E79-0645-47B5-8874-30836EF80089}.Release|Any CPU.Build.0 = Release|Any CPU
	EndGlobalSection
	GlobalSection(SolutionProperties) = preSolution
		HideSolutionNode = FALSE
	EndGlobalSection
	GlobalSection(ExtensibilityGlobals) = postSolution
		SolutionGuid = {0E7E93E1-927A-4D1F-9B68-FA85184A5F84}
	EndGlobalSection
EndGlobal
