
Microsoft Visual Studio Solution File, Format Version 12.00
# Visual Studio Version 17
VisualStudioVersion = 17.9.34310.174
MinimumVisualStudioVersion = 10.0.40219.1
Project("{FAE04EC0-301F-11D3-BF4B-00C04F79EFBC}") = "OpenSilverApplication.Browser", "OpenSilverApplication.Browser\OpenSilverApplication.Browser.csproj", "{79254849-EE14-42B2-82CB-07A7D4FA3205}"
EndProject
Project("{F2A71F9B-5D33-465A-A702-920D77279786}") = "OpenSilverApplication", "OpenSilverApplication\OpenSilverApplication.fsproj", "{052AA0E1-BF65-4EE4-B6D3-112AE3350154}"
EndProject
#if (operatingSystem == 'Windows_NT')
Project("{FAE04EC0-301F-11D3-BF4B-00C04F79EFBC}") = "OpenSilverApplication.Simulator", "OpenSilverApplication.Simulator\OpenSilverApplication.Simulator.csproj", "{E5006009-F128-4902-AD10-D55E7942946A}"
EndProject
#endif
#if (mauiPlatformsBasic != '' || windowsTarget != '')
Project("{FAE04EC0-301F-11D3-BF4B-00C04F79EFBC}") = "OpenSilverApplication.MauiHybrid", "OpenSilverApplication.MauiHybrid\OpenSilverApplication.MauiHybrid.csproj", "{E98BBAFF-DE97-48FB-B99E-019727405EFE}"
EndProject
#endif
Global
	GlobalSection(SolutionConfigurationPlatforms) = preSolution
		Debug|Any CPU = Debug|Any CPU
		Release|Any CPU = Release|Any CPU
	EndGlobalSection
	GlobalSection(ProjectConfigurationPlatforms) = postSolution
		{79254849-EE14-42B2-82CB-07A7D4FA3205}.Debug|Any CPU.ActiveCfg = Debug|Any CPU
		{79254849-EE14-42B2-82CB-07A7D4FA3205}.Debug|Any CPU.Build.0 = Debug|Any CPU
		{79254849-EE14-42B2-82CB-07A7D4FA3205}.Release|Any CPU.ActiveCfg = Release|Any CPU
		{79254849-EE14-42B2-82CB-07A7D4FA3205}.Release|Any CPU.Build.0 = Release|Any CPU
		{052AA0E1-BF65-4EE4-B6D3-112AE3350154}.Debug|Any CPU.ActiveCfg = Debug|Any CPU
		{052AA0E1-BF65-4EE4-B6D3-112AE3350154}.Debug|Any CPU.Build.0 = Debug|Any CPU
		{052AA0E1-BF65-4EE4-B6D3-112AE3350154}.Release|Any CPU.ActiveCfg = Release|Any CPU
		{052AA0E1-BF65-4EE4-B6D3-112AE3350154}.Release|Any CPU.Build.0 = Release|Any CPU
		#if (operatingSystem == 'Windows_NT')
		{E5006009-F128-4902-AD10-D55E7942946A}.Debug|Any CPU.ActiveCfg = Debug|Any CPU
		{E5006009-F128-4902-AD10-D55E7942946A}.Debug|Any CPU.Build.0 = Debug|Any CPU
		{E5006009-F128-4902-AD10-D55E7942946A}.Release|Any CPU.ActiveCfg = Release|Any CPU
		{E5006009-F128-4902-AD10-D55E7942946A}.Release|Any CPU.Build.0 = Release|Any CPU
		#endif
		#if (mauiPlatformsBasic != '' || windowsTarget != '')
		{E98BBAFF-DE97-48FB-B99E-019727405EFE}.Debug|Any CPU.ActiveCfg = Debug|Any CPU
		{E98BBAFF-DE97-48FB-B99E-019727405EFE}.Debug|Any CPU.Build.0 = Debug|Any CPU
		{E98BBAFF-DE97-48FB-B99E-019727405EFE}.Debug|Any CPU.Deploy.0 = Debug|Any CPU
		{E98BBAFF-DE97-48FB-B99E-019727405EFE}.Release|Any CPU.ActiveCfg = Release|Any CPU
		{E98BBAFF-DE97-48FB-B99E-019727405EFE}.Release|Any CPU.Build.0 = Release|Any CPU
		#endif
	EndGlobalSection
	GlobalSection(SolutionProperties) = preSolution
		HideSolutionNode = FALSE
	EndGlobalSection
	GlobalSection(ExtensibilityGlobals) = postSolution
		SolutionGuid = {D59E1426-E892-4863-9C68-E437124A32F5}
	EndGlobalSection
EndGlobal
