
Microsoft Visual Studio Solution File, Format Version 12.00
# Visual Studio Version 17
VisualStudioVersion = 17.9.34310.174
MinimumVisualStudioVersion = 10.0.40219.1
Project("{FAE04EC0-301F-11D3-BF4B-00C04F79EFBC}") = "OpenSilverClassLibraryCS", "OpenSilverClassLibraryCS.csproj", "{BD900741-EF0C-487D-B920-5A3E6B7F6F1C}"
EndProject
Global
	GlobalSection(SolutionConfigurationPlatforms) = preSolution
		Debug|Any CPU = Debug|Any CPU
		Release|Any CPU = Release|Any CPU
	EndGlobalSection
	GlobalSection(ProjectConfigurationPlatforms) = postSolution
		{BD900741-EF0C-487D-B920-5A3E6B7F6F1C}.Debug|Any CPU.ActiveCfg = Debug|Any CPU
		{BD900741-EF0C-487D-B920-5A3E6B7F6F1C}.Debug|Any CPU.Build.0 = Debug|Any CPU
		{BD900741-EF0C-487D-B920-5A3E6B7F6F1C}.Release|Any CPU.ActiveCfg = Release|Any CPU
		{BD900741-EF0C-487D-B920-5A3E6B7F6F1C}.Release|Any CPU.Build.0 = Release|Any CPU
	EndGlobalSection
	GlobalSection(SolutionProperties) = preSolution
		HideSolutionNode = FALSE
	EndGlobalSection
	GlobalSection(ExtensibilityGlobals) = postSolution
		SolutionGuid = {793F8C10-7E04-49AE-B12A-4421F75268BB}
	EndGlobalSection
EndGlobal
