
Microsoft Visual Studio Solution File, Format Version 12.00
# Visual Studio Version 17
VisualStudioVersion = 17.5.002.0
MinimumVisualStudioVersion = 10.0.40219.1
Project("{9A19103F-16F7-4668-BE54-9A1E7A4F7556}") = "OpenSilverApplicationWizard", "OpenSilverApplicationWizard.csproj", "{C3A42552-730E-404E-A087-A068E211F982}"
EndProject
Project("{9A19103F-16F7-4668-BE54-9A1E7A4F7556}") = "ProjectTemplate", "ProjectTemplate.csproj", "{1220FB59-A658-46DD-90E9-0CD21154BE58}"
EndProject
Global
	GlobalSection(SolutionConfigurationPlatforms) = preSolution
		Debug|Any CPU = Debug|Any CPU
		Release|Any CPU = Release|Any CPU
	EndGlobalSection
	GlobalSection(ProjectConfigurationPlatforms) = postSolution
		{C3A42552-730E-404E-A087-A068E211F982}.Debug|Any CPU.ActiveCfg = Debug|Any CPU
		{C3A42552-730E-404E-A087-A068E211F982}.Debug|Any CPU.Build.0 = Debug|Any CPU
		{C3A42552-730E-404E-A087-A068E211F982}.Release|Any CPU.ActiveCfg = Release|Any CPU
		{C3A42552-730E-404E-A087-A068E211F982}.Release|Any CPU.Build.0 = Release|Any CPU
		{1220FB59-A658-46DD-90E9-0CD21154BE58}.Debug|Any CPU.ActiveCfg = Debug|Any CPU
		{1220FB59-A658-46DD-90E9-0CD21154BE58}.Debug|Any CPU.Build.0 = Debug|Any CPU
		{1220FB59-A658-46DD-90E9-0CD21154BE58}.Release|Any CPU.ActiveCfg = Release|Any CPU
		{1220FB59-A658-46DD-90E9-0CD21154BE58}.Release|Any CPU.Build.0 = Release|Any CPU
	EndGlobalSection
	GlobalSection(SolutionProperties) = preSolution
		HideSolutionNode = FALSE
	EndGlobalSection
	GlobalSection(ExtensibilityGlobals) = postSolution
		SolutionGuid = {CFE41011-3331-4A62-AA56-A130BA14177E}
	EndGlobalSection
EndGlobal
