
Microsoft Visual Studio Solution File, Format Version 12.00
# Visual Studio Version 17
VisualStudioVersion = 17.7.34024.191
MinimumVisualStudioVersion = 10.0.40219.1
Project("{FAE04EC0-301F-11D3-BF4B-00C04F79EFBC}") = "OpenSilver.VSIX", "OpenSilver.VSIX\OpenSilver.VSIX.csproj", "{87A492A1-DF7F-411C-ABF8-33E0FA0F3522}"
EndProject
Project("{FAE04EC0-301F-11D3-BF4B-00C04F79EFBC}") = "OpenSilverApplicationTemplate", "OpenSilverApplicationTemplate\OpenSilverApplicationTemplate.csproj", "{ED7A89B5-CD09-4697-8CEA-69EC1546D1DF}"
EndProject
Project("{FAE04EC0-301F-11D3-BF4B-00C04F79EFBC}") = "OpenSilverClassLibraryTemplate", "OpenSilverClassLibraryTemplate\OpenSilverClassLibraryTemplate.csproj", "{2D788498-9178-480A-9DC1-E0953CC7F0E1}"
EndProject
Project("{FAE04EC0-301F-11D3-BF4B-00C04F79EFBC}") = "OpenSilver.TemplateWizards", "OpenSilver.TemplateWizards\OpenSilver.TemplateWizards.csproj", "{5BCC3CB3-6BB0-4382-8FBA-62D8D5071C23}"
EndProject
Project("{FAE04EC0-301F-11D3-BF4B-00C04F79EFBC}") = "OpenSilverVBApplicationTemplate", "OpenSilverVBApplicationTemplate\OpenSilverVBApplicationTemplate.csproj", "{229629AC-C4E0-4848-9CFA-31064C9D83A3}"
EndProject
Project("{FAE04EC0-301F-11D3-BF4B-00C04F79EFBC}") = "OpenSilverVBClassLibraryTemplate", "OpenSilverVBClassLibraryTemplate\OpenSilverVBClassLibraryTemplate.csproj", "{77155280-90DB-41B5-A285-760DA09F0A4C}"
EndProject
Project("{FAE04EC0-301F-11D3-BF4B-00C04F79EFBC}") = "OpenSilver.XamlDesigner", "OpenSilver.XamlDesigner\OpenSilver.XamlDesigner.csproj", "{847E5D86-8189-405A-A4CA-F1823712E1EE}"
EndProject
Project("{FAE04EC0-301F-11D3-BF4B-00C04F79EFBC}") = "OpenSilverFSClassLibraryTemplate", "OpenSilverFSClassLibraryTemplate\OpenSilverFSClassLibraryTemplate.csproj", "{E32DE7C8-8CDB-4CD6-8ECE-DAEDE6D36787}"
EndProject
Project("{FAE04EC0-301F-11D3-BF4B-00C04F79EFBC}") = "OpenSilverFSApplicationTemplate", "OpenSilverFSApplicationTemplate\OpenSilverFSApplicationTemplate.csproj", "{80832FE2-EB71-4443-B582-61CF0132E241}"
EndProject
Project("{FAE04EC0-301F-11D3-BF4B-00C04F79EFBC}") = "CSMigrationBusinessApp", "BusinessTemplates\CSMigrationBusinessApp\CSMigrationBusinessApp.csproj", "{2C08DC2A-D56C-4337-900B-B8C2C538C6DB}"
EndProject
Project("{2150E333-8FDC-42A3-9474-1A3956D46DE8}") = "BusinessTemplates", "BusinessTemplates", "{ED3753A8-2E9B-4F5D-A6EE-501B04EEAC42}"
EndProject
Project("{FAE04EC0-301F-11D3-BF4B-00C04F79EFBC}") = "CSModernBusinessApp", "BusinessTemplates\CSModernBusinessApp\CSModernBusinessApp.csproj", "{151383D0-8590-4617-A494-0C9E0B051697}"
EndProject
Project("{FAE04EC0-301F-11D3-BF4B-00C04F79EFBC}") = "CSOpenSilverBusinessApplication", "BusinessTemplates\CSOpenSilverBusinessApplication\CSOpenSilverBusinessApplication.csproj", "{8BBCA504-7220-419B-B9CA-FD4523170FF4}"
EndProject
Project("{FAE04EC0-301F-11D3-BF4B-00C04F79EFBC}") = "VBOpenSilverBusinessApplication", "BusinessTemplates\VBOpenSilverBusinessApplication\VBOpenSilverBusinessApplication.csproj", "{45337892-BF5A-4576-91AC-645AACE5D2E4}"
EndProject
Project("{FAE04EC0-301F-11D3-BF4B-00C04F79EFBC}") = "VBMigrationBusinessApp", "BusinessTemplates\VBMigrationBusinessApp\VBMigrationBusinessApp.csproj", "{541A83F4-4CE2-4880-8BD3-2A9C98FA6162}"
EndProject
Project("{FAE04EC0-301F-11D3-BF4B-00C04F79EFBC}") = "VBModernBusinessApp", "BusinessTemplates\VBModernBusinessApp\VBModernBusinessApp.csproj", "{E347A49C-1E03-4498-A83F-CAC61F1B10D8}"
EndProject
Global
	GlobalSection(SolutionConfigurationPlatforms) = preSolution
		Debug|Any CPU = Debug|Any CPU
		Debug|arm64 = Debug|arm64
		Debug|x86 = Debug|x86
		Release|Any CPU = Release|Any CPU
		Release|arm64 = Release|arm64
		Release|x86 = Release|x86
	EndGlobalSection
	GlobalSection(ProjectConfigurationPlatforms) = postSolution
		{87A492A1-DF7F-411C-ABF8-33E0FA0F3522}.Debug|Any CPU.ActiveCfg = Debug|Any CPU
		{87A492A1-DF7F-411C-ABF8-33E0FA0F3522}.Debug|Any CPU.Build.0 = Debug|Any CPU
		{87A492A1-DF7F-411C-ABF8-33E0FA0F3522}.Debug|arm64.ActiveCfg = Debug|Any CPU
		{87A492A1-DF7F-411C-ABF8-33E0FA0F3522}.Debug|arm64.Build.0 = Debug|Any CPU
		{87A492A1-DF7F-411C-ABF8-33E0FA0F3522}.Debug|x86.ActiveCfg = Debug|x86
		{87A492A1-DF7F-411C-ABF8-33E0FA0F3522}.Debug|x86.Build.0 = Debug|x86
		{87A492A1-DF7F-411C-ABF8-33E0FA0F3522}.Release|Any CPU.ActiveCfg = Release|Any CPU
		{87A492A1-DF7F-411C-ABF8-33E0FA0F3522}.Release|Any CPU.Build.0 = Release|Any CPU
		{87A492A1-DF7F-411C-ABF8-33E0FA0F3522}.Release|arm64.ActiveCfg = Release|Any CPU
		{87A492A1-DF7F-411C-ABF8-33E0FA0F3522}.Release|arm64.Build.0 = Release|Any CPU
		{87A492A1-DF7F-411C-ABF8-33E0FA0F3522}.Release|x86.ActiveCfg = Release|x86
		{87A492A1-DF7F-411C-ABF8-33E0FA0F3522}.Release|x86.Build.0 = Release|x86
		{ED7A89B5-CD09-4697-8CEA-69EC1546D1DF}.Debug|Any CPU.ActiveCfg = Debug|Any CPU
		{ED7A89B5-CD09-4697-8CEA-69EC1546D1DF}.Debug|Any CPU.Build.0 = Debug|Any CPU
		{ED7A89B5-CD09-4697-8CEA-69EC1546D1DF}.Debug|arm64.ActiveCfg = Debug|arm64
		{ED7A89B5-CD09-4697-8CEA-69EC1546D1DF}.Debug|arm64.Build.0 = Debug|arm64
		{ED7A89B5-CD09-4697-8CEA-69EC1546D1DF}.Debug|x86.ActiveCfg = Debug|x86
		{ED7A89B5-CD09-4697-8CEA-69EC1546D1DF}.Debug|x86.Build.0 = Debug|x86
		{ED7A89B5-CD09-4697-8CEA-69EC1546D1DF}.Release|Any CPU.ActiveCfg = Release|Any CPU
		{ED7A89B5-CD09-4697-8CEA-69EC1546D1DF}.Release|Any CPU.Build.0 = Release|Any CPU
		{ED7A89B5-CD09-4697-8CEA-69EC1546D1DF}.Release|arm64.ActiveCfg = Release|arm64
		{ED7A89B5-CD09-4697-8CEA-69EC1546D1DF}.Release|arm64.Build.0 = Release|arm64
		{ED7A89B5-CD09-4697-8CEA-69EC1546D1DF}.Release|x86.ActiveCfg = Release|x86
		{ED7A89B5-CD09-4697-8CEA-69EC1546D1DF}.Release|x86.Build.0 = Release|x86
		{2D788498-9178-480A-9DC1-E0953CC7F0E1}.Debug|Any CPU.ActiveCfg = Debug|Any CPU
		{2D788498-9178-480A-9DC1-E0953CC7F0E1}.Debug|Any CPU.Build.0 = Debug|Any CPU
		{2D788498-9178-480A-9DC1-E0953CC7F0E1}.Debug|arm64.ActiveCfg = Debug|arm64
		{2D788498-9178-480A-9DC1-E0953CC7F0E1}.Debug|arm64.Build.0 = Debug|arm64
		{2D788498-9178-480A-9DC1-E0953CC7F0E1}.Debug|x86.ActiveCfg = Debug|x86
		{2D788498-9178-480A-9DC1-E0953CC7F0E1}.Debug|x86.Build.0 = Debug|x86
		{2D788498-9178-480A-9DC1-E0953CC7F0E1}.Release|Any CPU.ActiveCfg = Release|Any CPU
		{2D788498-9178-480A-9DC1-E0953CC7F0E1}.Release|Any CPU.Build.0 = Release|Any CPU
		{2D788498-9178-480A-9DC1-E0953CC7F0E1}.Release|arm64.ActiveCfg = Release|arm64
		{2D788498-9178-480A-9DC1-E0953CC7F0E1}.Release|arm64.Build.0 = Release|arm64
		{2D788498-9178-480A-9DC1-E0953CC7F0E1}.Release|x86.ActiveCfg = Release|x86
		{2D788498-9178-480A-9DC1-E0953CC7F0E1}.Release|x86.Build.0 = Release|x86
		{5BCC3CB3-6BB0-4382-8FBA-62D8D5071C23}.Debug|Any CPU.ActiveCfg = Debug|Any CPU
		{5BCC3CB3-6BB0-4382-8FBA-62D8D5071C23}.Debug|Any CPU.Build.0 = Debug|Any CPU
		{5BCC3CB3-6BB0-4382-8FBA-62D8D5071C23}.Debug|arm64.ActiveCfg = Debug|Any CPU
		{5BCC3CB3-6BB0-4382-8FBA-62D8D5071C23}.Debug|arm64.Build.0 = Debug|Any CPU
		{5BCC3CB3-6BB0-4382-8FBA-62D8D5071C23}.Debug|x86.ActiveCfg = Debug|Any CPU
		{5BCC3CB3-6BB0-4382-8FBA-62D8D5071C23}.Debug|x86.Build.0 = Debug|Any CPU
		{5BCC3CB3-6BB0-4382-8FBA-62D8D5071C23}.Release|Any CPU.ActiveCfg = Release|Any CPU
		{5BCC3CB3-6BB0-4382-8FBA-62D8D5071C23}.Release|Any CPU.Build.0 = Release|Any CPU
		{5BCC3CB3-6BB0-4382-8FBA-62D8D5071C23}.Release|arm64.ActiveCfg = Release|Any CPU
		{5BCC3CB3-6BB0-4382-8FBA-62D8D5071C23}.Release|arm64.Build.0 = Release|Any CPU
		{5BCC3CB3-6BB0-4382-8FBA-62D8D5071C23}.Release|x86.ActiveCfg = Release|Any CPU
		{5BCC3CB3-6BB0-4382-8FBA-62D8D5071C23}.Release|x86.Build.0 = Release|Any CPU
		{229629AC-C4E0-4848-9CFA-31064C9D83A3}.Debug|Any CPU.ActiveCfg = Debug|Any CPU
		{229629AC-C4E0-4848-9CFA-31064C9D83A3}.Debug|Any CPU.Build.0 = Debug|Any CPU
		{229629AC-C4E0-4848-9CFA-31064C9D83A3}.Debug|arm64.ActiveCfg = Debug|arm64
		{229629AC-C4E0-4848-9CFA-31064C9D83A3}.Debug|arm64.Build.0 = Debug|arm64
		{229629AC-C4E0-4848-9CFA-31064C9D83A3}.Debug|x86.ActiveCfg = Debug|x86
		{229629AC-C4E0-4848-9CFA-31064C9D83A3}.Debug|x86.Build.0 = Debug|x86
		{229629AC-C4E0-4848-9CFA-31064C9D83A3}.Release|Any CPU.ActiveCfg = Release|Any CPU
		{229629AC-C4E0-4848-9CFA-31064C9D83A3}.Release|Any CPU.Build.0 = Release|Any CPU
		{229629AC-C4E0-4848-9CFA-31064C9D83A3}.Release|arm64.ActiveCfg = Release|arm64
		{229629AC-C4E0-4848-9CFA-31064C9D83A3}.Release|arm64.Build.0 = Release|arm64
		{229629AC-C4E0-4848-9CFA-31064C9D83A3}.Release|x86.ActiveCfg = Release|x86
		{229629AC-C4E0-4848-9CFA-31064C9D83A3}.Release|x86.Build.0 = Release|x86
		{77155280-90DB-41B5-A285-760DA09F0A4C}.Debug|Any CPU.ActiveCfg = Debug|Any CPU
		{77155280-90DB-41B5-A285-760DA09F0A4C}.Debug|Any CPU.Build.0 = Debug|Any CPU
		{77155280-90DB-41B5-A285-760DA09F0A4C}.Debug|arm64.ActiveCfg = Debug|arm64
		{77155280-90DB-41B5-A285-760DA09F0A4C}.Debug|arm64.Build.0 = Debug|arm64
		{77155280-90DB-41B5-A285-760DA09F0A4C}.Debug|x86.ActiveCfg = Debug|x86
		{77155280-90DB-41B5-A285-760DA09F0A4C}.Debug|x86.Build.0 = Debug|x86
		{77155280-90DB-41B5-A285-760DA09F0A4C}.Release|Any CPU.ActiveCfg = Release|Any CPU
		{77155280-90DB-41B5-A285-760DA09F0A4C}.Release|Any CPU.Build.0 = Release|Any CPU
		{77155280-90DB-41B5-A285-760DA09F0A4C}.Release|arm64.ActiveCfg = Release|arm64
		{77155280-90DB-41B5-A285-760DA09F0A4C}.Release|arm64.Build.0 = Release|arm64
		{77155280-90DB-41B5-A285-760DA09F0A4C}.Release|x86.ActiveCfg = Release|x86
		{77155280-90DB-41B5-A285-760DA09F0A4C}.Release|x86.Build.0 = Release|x86
		{847E5D86-8189-405A-A4CA-F1823712E1EE}.Debug|Any CPU.ActiveCfg = Debug|Any CPU
		{847E5D86-8189-405A-A4CA-F1823712E1EE}.Debug|Any CPU.Build.0 = Debug|Any CPU
		{847E5D86-8189-405A-A4CA-F1823712E1EE}.Debug|arm64.ActiveCfg = Debug|arm64
		{847E5D86-8189-405A-A4CA-F1823712E1EE}.Debug|arm64.Build.0 = Debug|arm64
		{847E5D86-8189-405A-A4CA-F1823712E1EE}.Debug|x86.ActiveCfg = Debug|x86
		{847E5D86-8189-405A-A4CA-F1823712E1EE}.Debug|x86.Build.0 = Debug|x86
		{847E5D86-8189-405A-A4CA-F1823712E1EE}.Release|Any CPU.ActiveCfg = Release|Any CPU
		{847E5D86-8189-405A-A4CA-F1823712E1EE}.Release|Any CPU.Build.0 = Release|Any CPU
		{847E5D86-8189-405A-A4CA-F1823712E1EE}.Release|arm64.ActiveCfg = Release|arm64
		{847E5D86-8189-405A-A4CA-F1823712E1EE}.Release|arm64.Build.0 = Release|arm64
		{847E5D86-8189-405A-A4CA-F1823712E1EE}.Release|x86.ActiveCfg = Release|x86
		{847E5D86-8189-405A-A4CA-F1823712E1EE}.Release|x86.Build.0 = Release|x86
		{E32DE7C8-8CDB-4CD6-8ECE-DAEDE6D36787}.Debug|Any CPU.ActiveCfg = Debug|Any CPU
		{E32DE7C8-8CDB-4CD6-8ECE-DAEDE6D36787}.Debug|Any CPU.Build.0 = Debug|Any CPU
		{E32DE7C8-8CDB-4CD6-8ECE-DAEDE6D36787}.Debug|arm64.ActiveCfg = Debug|arm64
		{E32DE7C8-8CDB-4CD6-8ECE-DAEDE6D36787}.Debug|arm64.Build.0 = Debug|arm64
		{E32DE7C8-8CDB-4CD6-8ECE-DAEDE6D36787}.Debug|x86.ActiveCfg = Debug|x86
		{E32DE7C8-8CDB-4CD6-8ECE-DAEDE6D36787}.Debug|x86.Build.0 = Debug|x86
		{E32DE7C8-8CDB-4CD6-8ECE-DAEDE6D36787}.Release|Any CPU.ActiveCfg = Release|Any CPU
		{E32DE7C8-8CDB-4CD6-8ECE-DAEDE6D36787}.Release|Any CPU.Build.0 = Release|Any CPU
		{E32DE7C8-8CDB-4CD6-8ECE-DAEDE6D36787}.Release|arm64.ActiveCfg = Release|arm64
		{E32DE7C8-8CDB-4CD6-8ECE-DAEDE6D36787}.Release|arm64.Build.0 = Release|arm64
		{E32DE7C8-8CDB-4CD6-8ECE-DAEDE6D36787}.Release|x86.ActiveCfg = Release|x86
		{E32DE7C8-8CDB-4CD6-8ECE-DAEDE6D36787}.Release|x86.Build.0 = Release|x86
		{80832FE2-EB71-4443-B582-61CF0132E241}.Debug|Any CPU.ActiveCfg = Debug|Any CPU
		{80832FE2-EB71-4443-B582-61CF0132E241}.Debug|Any CPU.Build.0 = Debug|Any CPU
		{80832FE2-EB71-4443-B582-61CF0132E241}.Debug|arm64.ActiveCfg = Debug|arm64
		{80832FE2-EB71-4443-B582-61CF0132E241}.Debug|arm64.Build.0 = Debug|arm64
		{80832FE2-EB71-4443-B582-61CF0132E241}.Debug|x86.ActiveCfg = Debug|x86
		{80832FE2-EB71-4443-B582-61CF0132E241}.Debug|x86.Build.0 = Debug|x86
		{80832FE2-EB71-4443-B582-61CF0132E241}.Release|Any CPU.ActiveCfg = Release|Any CPU
		{80832FE2-EB71-4443-B582-61CF0132E241}.Release|Any CPU.Build.0 = Release|Any CPU
		{80832FE2-EB71-4443-B582-61CF0132E241}.Release|arm64.ActiveCfg = Release|arm64
		{80832FE2-EB71-4443-B582-61CF0132E241}.Release|arm64.Build.0 = Release|arm64
		{80832FE2-EB71-4443-B582-61CF0132E241}.Release|x86.ActiveCfg = Release|x86
		{80832FE2-EB71-4443-B582-61CF0132E241}.Release|x86.Build.0 = Release|x86
		{2C08DC2A-D56C-4337-900B-B8C2C538C6DB}.Debug|Any CPU.ActiveCfg = Debug|Any CPU
		{2C08DC2A-D56C-4337-900B-B8C2C538C6DB}.Debug|Any CPU.Build.0 = Debug|Any CPU
		{2C08DC2A-D56C-4337-900B-B8C2C538C6DB}.Debug|arm64.ActiveCfg = Debug|arm64
		{2C08DC2A-D56C-4337-900B-B8C2C538C6DB}.Debug|arm64.Build.0 = Debug|arm64
		{2C08DC2A-D56C-4337-900B-B8C2C538C6DB}.Debug|x86.ActiveCfg = Debug|x86
		{2C08DC2A-D56C-4337-900B-B8C2C538C6DB}.Debug|x86.Build.0 = Debug|x86
		{2C08DC2A-D56C-4337-900B-B8C2C538C6DB}.Release|Any CPU.ActiveCfg = Release|Any CPU
		{2C08DC2A-D56C-4337-900B-B8C2C538C6DB}.Release|Any CPU.Build.0 = Release|Any CPU
		{2C08DC2A-D56C-4337-900B-B8C2C538C6DB}.Release|arm64.ActiveCfg = Release|arm64
		{2C08DC2A-D56C-4337-900B-B8C2C538C6DB}.Release|arm64.Build.0 = Release|arm64
		{2C08DC2A-D56C-4337-900B-B8C2C538C6DB}.Release|x86.ActiveCfg = Release|x86
		{2C08DC2A-D56C-4337-900B-B8C2C538C6DB}.Release|x86.Build.0 = Release|x86
		{151383D0-8590-4617-A494-0C9E0B051697}.Debug|Any CPU.ActiveCfg = Debug|Any CPU
		{151383D0-8590-4617-A494-0C9E0B051697}.Debug|Any CPU.Build.0 = Debug|Any CPU
		{151383D0-8590-4617-A494-0C9E0B051697}.Debug|arm64.ActiveCfg = Debug|arm64
		{151383D0-8590-4617-A494-0C9E0B051697}.Debug|arm64.Build.0 = Debug|arm64
		{151383D0-8590-4617-A494-0C9E0B051697}.Debug|x86.ActiveCfg = Debug|x86
		{151383D0-8590-4617-A494-0C9E0B051697}.Debug|x86.Build.0 = Debug|x86
		{151383D0-8590-4617-A494-0C9E0B051697}.Release|Any CPU.ActiveCfg = Release|Any CPU
		{151383D0-8590-4617-A494-0C9E0B051697}.Release|Any CPU.Build.0 = Release|Any CPU
		{151383D0-8590-4617-A494-0C9E0B051697}.Release|arm64.ActiveCfg = Release|arm64
		{151383D0-8590-4617-A494-0C9E0B051697}.Release|arm64.Build.0 = Release|arm64
		{151383D0-8590-4617-A494-0C9E0B051697}.Release|x86.ActiveCfg = Release|x86
		{151383D0-8590-4617-A494-0C9E0B051697}.Release|x86.Build.0 = Release|x86
		{8BBCA504-7220-419B-B9CA-FD4523170FF4}.Debug|Any CPU.ActiveCfg = Debug|Any CPU
		{8BBCA504-7220-419B-B9CA-FD4523170FF4}.Debug|Any CPU.Build.0 = Debug|Any CPU
		{8BBCA504-7220-419B-B9CA-FD4523170FF4}.Debug|arm64.ActiveCfg = Debug|arm64
		{8BBCA504-7220-419B-B9CA-FD4523170FF4}.Debug|arm64.Build.0 = Debug|arm64
		{8BBCA504-7220-419B-B9CA-FD4523170FF4}.Debug|x86.ActiveCfg = Debug|x86
		{8BBCA504-7220-419B-B9CA-FD4523170FF4}.Debug|x86.Build.0 = Debug|x86
		{8BBCA504-7220-419B-B9CA-FD4523170FF4}.Release|Any CPU.ActiveCfg = Release|Any CPU
		{8BBCA504-7220-419B-B9CA-FD4523170FF4}.Release|Any CPU.Build.0 = Release|Any CPU
		{8BBCA504-7220-419B-B9CA-FD4523170FF4}.Release|arm64.ActiveCfg = Release|arm64
		{8BBCA504-7220-419B-B9CA-FD4523170FF4}.Release|arm64.Build.0 = Release|arm64
		{8BBCA504-7220-419B-B9CA-FD4523170FF4}.Release|x86.ActiveCfg = Release|x86
		{8BBCA504-7220-419B-B9CA-FD4523170FF4}.Release|x86.Build.0 = Release|x86
		{45337892-BF5A-4576-91AC-645AACE5D2E4}.Debug|Any CPU.ActiveCfg = Debug|Any CPU
		{45337892-BF5A-4576-91AC-645AACE5D2E4}.Debug|Any CPU.Build.0 = Debug|Any CPU
		{45337892-BF5A-4576-91AC-645AACE5D2E4}.Debug|arm64.ActiveCfg = Debug|arm64
		{45337892-BF5A-4576-91AC-645AACE5D2E4}.Debug|arm64.Build.0 = Debug|arm64
		{45337892-BF5A-4576-91AC-645AACE5D2E4}.Debug|x86.ActiveCfg = Debug|x86
		{45337892-BF5A-4576-91AC-645AACE5D2E4}.Debug|x86.Build.0 = Debug|x86
		{45337892-BF5A-4576-91AC-645AACE5D2E4}.Release|Any CPU.ActiveCfg = Release|Any CPU
		{45337892-BF5A-4576-91AC-645AACE5D2E4}.Release|Any CPU.Build.0 = Release|Any CPU
		{45337892-BF5A-4576-91AC-645AACE5D2E4}.Release|arm64.ActiveCfg = Release|arm64
		{45337892-BF5A-4576-91AC-645AACE5D2E4}.Release|arm64.Build.0 = Release|arm64
		{45337892-BF5A-4576-91AC-645AACE5D2E4}.Release|x86.ActiveCfg = Release|x86
		{45337892-BF5A-4576-91AC-645AACE5D2E4}.Release|x86.Build.0 = Release|x86
		{541A83F4-4CE2-4880-8BD3-2A9C98FA6162}.Debug|Any CPU.ActiveCfg = Debug|Any CPU
		{541A83F4-4CE2-4880-8BD3-2A9C98FA6162}.Debug|Any CPU.Build.0 = Debug|Any CPU
		{541A83F4-4CE2-4880-8BD3-2A9C98FA6162}.Debug|arm64.ActiveCfg = Debug|arm64
		{541A83F4-4CE2-4880-8BD3-2A9C98FA6162}.Debug|arm64.Build.0 = Debug|arm64
		{541A83F4-4CE2-4880-8BD3-2A9C98FA6162}.Debug|x86.ActiveCfg = Debug|x86
		{541A83F4-4CE2-4880-8BD3-2A9C98FA6162}.Debug|x86.Build.0 = Debug|x86
		{541A83F4-4CE2-4880-8BD3-2A9C98FA6162}.Release|Any CPU.ActiveCfg = Release|Any CPU
		{541A83F4-4CE2-4880-8BD3-2A9C98FA6162}.Release|Any CPU.Build.0 = Release|Any CPU
		{541A83F4-4CE2-4880-8BD3-2A9C98FA6162}.Release|arm64.ActiveCfg = Release|arm64
		{541A83F4-4CE2-4880-8BD3-2A9C98FA6162}.Release|arm64.Build.0 = Release|arm64
		{541A83F4-4CE2-4880-8BD3-2A9C98FA6162}.Release|x86.ActiveCfg = Release|x86
		{541A83F4-4CE2-4880-8BD3-2A9C98FA6162}.Release|x86.Build.0 = Release|x86
		{E347A49C-1E03-4498-A83F-CAC61F1B10D8}.Debug|Any CPU.ActiveCfg = Debug|Any CPU
		{E347A49C-1E03-4498-A83F-CAC61F1B10D8}.Debug|Any CPU.Build.0 = Debug|Any CPU
		{E347A49C-1E03-4498-A83F-CAC61F1B10D8}.Debug|arm64.ActiveCfg = Debug|arm64
		{E347A49C-1E03-4498-A83F-CAC61F1B10D8}.Debug|arm64.Build.0 = Debug|arm64
		{E347A49C-1E03-4498-A83F-CAC61F1B10D8}.Debug|x86.ActiveCfg = Debug|x86
		{E347A49C-1E03-4498-A83F-CAC61F1B10D8}.Debug|x86.Build.0 = Debug|x86
		{E347A49C-1E03-4498-A83F-CAC61F1B10D8}.Release|Any CPU.ActiveCfg = Release|Any CPU
		{E347A49C-1E03-4498-A83F-CAC61F1B10D8}.Release|Any CPU.Build.0 = Release|Any CPU
		{E347A49C-1E03-4498-A83F-CAC61F1B10D8}.Release|arm64.ActiveCfg = Release|arm64
		{E347A49C-1E03-4498-A83F-CAC61F1B10D8}.Release|arm64.Build.0 = Release|arm64
		{E347A49C-1E03-4498-A83F-CAC61F1B10D8}.Release|x86.ActiveCfg = Release|x86
		{E347A49C-1E03-4498-A83F-CAC61F1B10D8}.Release|x86.Build.0 = Release|x86
	EndGlobalSection
	GlobalSection(SolutionProperties) = preSolution
		HideSolutionNode = FALSE
	EndGlobalSection
	GlobalSection(NestedProjects) = preSolution
		{2C08DC2A-D56C-4337-900B-B8C2C538C6DB} = {ED3753A8-2E9B-4F5D-A6EE-501B04EEAC42}
		{151383D0-8590-4617-A494-0C9E0B051697} = {ED3753A8-2E9B-4F5D-A6EE-501B04EEAC42}
		{8BBCA504-7220-419B-B9CA-FD4523170FF4} = {ED3753A8-2E9B-4F5D-A6EE-501B04EEAC42}
		{45337892-BF5A-4576-91AC-645AACE5D2E4} = {ED3753A8-2E9B-4F5D-A6EE-501B04EEAC42}
		{541A83F4-4CE2-4880-8BD3-2A9C98FA6162} = {ED3753A8-2E9B-4F5D-A6EE-501B04EEAC42}
		{E347A49C-1E03-4498-A83F-CAC61F1B10D8} = {ED3753A8-2E9B-4F5D-A6EE-501B04EEAC42}
	EndGlobalSection
	GlobalSection(ExtensibilityGlobals) = postSolution
		SolutionGuid = {9679BFF5-3425-47DF-870F-DC3F4BA5E30D}
	EndGlobalSection
EndGlobal
